
Microsoft Visual Studio Solution File, Format Version 12.00
# Visual Studio Version 16
VisualStudioVersion = 16.0.30413.136
MinimumVisualStudioVersion = 10.0.40219.1
Project("{FAE04EC0-301F-11D3-BF4B-00C04F79EFBC}") = "Demo.Idp.Web", "Demo.Idp.Web\Demo.Idp.Web.csproj", "{6AC2CB7D-BC1A-4F0F-9A83-109DE934E64F}"
EndProject
Project("{FAE04EC0-301F-11D3-BF4B-00C04F79EFBC}") = "Demo.Idp.Service", "Demo.Idp.Service\Demo.Idp.Service.csproj", "{FBF16854-075B-4883-BDB0-B81875B7910B}"
EndProject
Global
	GlobalSection(SolutionConfigurationPlatforms) = preSolution
		Debug|Any CPU = Debug|Any CPU
		Release|Any CPU = Release|Any CPU
	EndGlobalSection
	GlobalSection(ProjectConfigurationPlatforms) = postSolution
		{6AC2CB7D-BC1A-4F0F-9A83-109DE934E64F}.Debug|Any CPU.ActiveCfg = Debug|Any CPU
		{6AC2CB7D-BC1A-4F0F-9A83-109DE934E64F}.Debug|Any CPU.Build.0 = Debug|Any CPU
		{6AC2CB7D-BC1A-4F0F-9A83-109DE934E64F}.Release|Any CPU.ActiveCfg = Release|Any CPU
		{6AC2CB7D-BC1A-4F0F-9A83-109DE934E64F}.Release|Any CPU.Build.0 = Release|Any CPU
		{FBF16854-075B-4883-BDB0-B81875B7910B}.Debug|Any CPU.ActiveCfg = Debug|Any CPU
		{FBF16854-075B-4883-BDB0-B81875B7910B}.Debug|Any CPU.Build.0 = Debug|Any CPU
		{FBF16854-075B-4883-BDB0-B81875B7910B}.Release|Any CPU.ActiveCfg = Release|Any CPU
		{FBF16854-075B-4883-BDB0-B81875B7910B}.Release|Any CPU.Build.0 = Release|Any CPU
	EndGlobalSection
	GlobalSection(SolutionProperties) = preSolution
		HideSolutionNode = FALSE
	EndGlobalSection
	GlobalSection(ExtensibilityGlobals) = postSolution
		SolutionGuid = {55E4DB22-65F6-46B3-B098-098E7ED2E82B}
	EndGlobalSection
EndGlobal
